// !$*UTF8*$!
{
	archiveVersion = 1;
	classes = {
	};
	objectVersion = 46;
	objects = {

/* Begin PBXBuildFile section */
		04B36E33199F9F8C000357CC /* Foundation.framework in Frameworks */ = {isa = PBXBuildFile; fileRef = 04B36E32199F9F8C000357CC /* Foundation.framework */; };
		04B36E35199F9F8C000357CC /* CoreGraphics.framework in Frameworks */ = {isa = PBXBuildFile; fileRef = 04B36E34199F9F8C000357CC /* CoreGraphics.framework */; };
		04B36E37199F9F8C000357CC /* UIKit.framework in Frameworks */ = {isa = PBXBuildFile; fileRef = 04B36E36199F9F8C000357CC /* UIKit.framework */; };
		04B36E3D199F9F8C000357CC /* InfoPlist.strings in Resources */ = {isa = PBXBuildFile; fileRef = 04B36E3B199F9F8C000357CC /* InfoPlist.strings */; };
		04B36E3F199F9F8C000357CC /* main.m in Sources */ = {isa = PBXBuildFile; fileRef = 04B36E3E199F9F8C000357CC /* main.m */; };
		04B36E43199F9F8C000357CC /* FFAppDelegate.m in Sources */ = {isa = PBXBuildFile; fileRef = 04B36E42199F9F8C000357CC /* FFAppDelegate.m */; };
		04B36E45199F9F8C000357CC /* Images.xcassets in Resources */ = {isa = PBXBuildFile; fileRef = 04B36E44199F9F8C000357CC /* Images.xcassets */; };
		04B36E4C199F9F8C000357CC /* XCTest.framework in Frameworks */ = {isa = PBXBuildFile; fileRef = 04B36E4B199F9F8C000357CC /* XCTest.framework */; };
		04B36E4D199F9F8D000357CC /* Foundation.framework in Frameworks */ = {isa = PBXBuildFile; fileRef = 04B36E32199F9F8C000357CC /* Foundation.framework */; };
		04B36E4E199F9F8D000357CC /* UIKit.framework in Frameworks */ = {isa = PBXBuildFile; fileRef = 04B36E36199F9F8C000357CC /* UIKit.framework */; };
		04B36E56199F9F8D000357CC /* InfoPlist.strings in Resources */ = {isa = PBXBuildFile; fileRef = 04B36E54199F9F8D000357CC /* InfoPlist.strings */; };
		04B36E58199F9F8D000357CC /* uinaviTests.m in Sources */ = {isa = PBXBuildFile; fileRef = 04B36E57199F9F8D000357CC /* uinaviTests.m */; };
/* End PBXBuildFile section */

/* Begin PBXContainerItemProxy section */
		04B36E4F199F9F8D000357CC /* PBXContainerItemProxy */ = {
			isa = PBXContainerItemProxy;
			containerPortal = 04B36E27199F9F8C000357CC /* Project object */;
			proxyType = 1;
			remoteGlobalIDString = 04B36E2E199F9F8C000357CC;
			remoteInfo = uinavi;
		};
/* End PBXContainerItemProxy section */

/* Begin PBXFileReference section */
		04B36E2F199F9F8C000357CC /* uinavi.app */ = {isa = PBXFileReference; explicitFileType = wrapper.application; includeInIndex = 0; path = uinavi.app; sourceTree = BUILT_PRODUCTS_DIR; };
		04B36E32199F9F8C000357CC /* Foundation.framework */ = {isa = PBXFileReference; lastKnownFileType = wrapper.framework; name = Foundation.framework; path = System/Library/Frameworks/Foundation.framework; sourceTree = SDKROOT; };
		04B36E34199F9F8C000357CC /* CoreGraphics.framework */ = {isa = PBXFileReference; lastKnownFileType = wrapper.framework; name = CoreGraphics.framework; path = System/Library/Frameworks/CoreGraphics.framework; sourceTree = SDKROOT; };
		04B36E36199F9F8C000357CC /* UIKit.framework */ = {isa = PBXFileReference; lastKnownFileType = wrapper.framework; name = UIKit.framework; path = System/Library/Frameworks/UIKit.framework; sourceTree = SDKROOT; };
		04B36E3A199F9F8C000357CC /* uinavi-Info.plist */ = {isa = PBXFileReference; lastKnownFileType = text.plist.xml; path = "uinavi-Info.plist"; sourceTree = "<group>"; };
		04B36E3C199F9F8C000357CC /* en */ = {isa = PBXFileReference; lastKnownFileType = text.plist.strings; name = en; path = en.lproj/InfoPlist.strings; sourceTree = "<group>"; };
		04B36E3E199F9F8C000357CC /* main.m */ = {isa = PBXFileReference; lastKnownFileType = sourcecode.c.objc; path = main.m; sourceTree = "<group>"; };
		04B36E40199F9F8C000357CC /* uinavi-Prefix.pch */ = {isa = PBXFileReference; lastKnownFileType = sourcecode.c.h; path = "uinavi-Prefix.pch"; sourceTree = "<group>"; };
		04B36E41199F9F8C000357CC /* FFAppDelegate.h */ = {isa = PBXFileReference; lastKnownFileType = sourcecode.c.h; path = FFAppDelegate.h; sourceTree = "<group>"; };
		04B36E42199F9F8C000357CC /* FFAppDelegate.m */ = {isa = PBXFileReference; lastKnownFileType = sourcecode.c.objc; path = FFAppDelegate.m; sourceTree = "<group>"; };
		04B36E44199F9F8C000357CC /* Images.xcassets */ = {isa = PBXFileReference; lastKnownFileType = folder.assetcatalog; path = Images.xcassets; sourceTree = "<group>"; };
		04B36E4A199F9F8C000357CC /* uinaviTests.xctest */ = {isa = PBXFileReference; explicitFileType = wrapper.cfbundle; includeInIndex = 0; path = uinaviTests.xctest; sourceTree = BUILT_PRODUCTS_DIR; };
		04B36E4B199F9F8C000357CC /* XCTest.framework */ = {isa = PBXFileReference; lastKnownFileType = wrapper.framework; name = XCTest.framework; path = Library/Frameworks/XCTest.framework; sourceTree = DEVELOPER_DIR; };
		04B36E53199F9F8D000357CC /* uinaviTests-Info.plist */ = {isa = PBXFileReference; lastKnownFileType = text.plist.xml; path = "uinaviTests-Info.plist"; sourceTree = "<group>"; };
		04B36E55199F9F8D000357CC /* en */ = {isa = PBXFileReference; lastKnownFileType = text.plist.strings; name = en; path = en.lproj/InfoPlist.strings; sourceTree = "<group>"; };
		04B36E57199F9F8D000357CC /* uinaviTests.m */ = {isa = PBXFileReference; lastKnownFileType = sourcecode.c.objc; path = uinaviTests.m; sourceTree = "<group>"; };
/* End PBXFileReference section */

/* Begin PBXFrameworksBuildPhase section */
		04B36E2C199F9F8C000357CC /* Frameworks */ = {
			isa = PBXFrameworksBuildPhase;
			buildActionMask = 2147483647;
			files = (
				04B36E35199F9F8C000357CC /* CoreGraphics.framework in Frameworks */,
				04B36E37199F9F8C000357CC /* UIKit.framework in Frameworks */,
				04B36E33199F9F8C000357CC /* Foundation.framework in Frameworks */,
			);
			runOnlyForDeploymentPostprocessing = 0;
		};
		04B36E47199F9F8C000357CC /* Frameworks */ = {
			isa = PBXFrameworksBuildPhase;
			buildActionMask = 2147483647;
			files = (
				04B36E4C199F9F8C000357CC /* XCTest.framework in Frameworks */,
				04B36E4E199F9F8D000357CC /* UIKit.framework in Frameworks */,
				04B36E4D199F9F8D000357CC /* Foundation.framework in Frameworks */,
			);
			runOnlyForDeploymentPostprocessing = 0;
		};
/* End PBXFrameworksBuildPhase section */

/* Begin PBXGroup section */
		04B36E26199F9F8C000357CC = {
			isa = PBXGroup;
			children = (
				04B36E38199F9F8C000357CC /* uinavi */,
				04B36E51199F9F8D000357CC /* uinaviTests */,
				04B36E31199F9F8C000357CC /* Frameworks */,
				04B36E30199F9F8C000357CC /* Products */,
			);
			sourceTree = "<group>";
		};
		04B36E30199F9F8C000357CC /* Products */ = {
			isa = PBXGroup;
			children = (
				04B36E2F199F9F8C000357CC /* uinavi.app */,
				04B36E4A199F9F8C000357CC /* uinaviTests.xctest */,
			);
			name = Products;
			sourceTree = "<group>";
		};
		04B36E31199F9F8C000357CC /* Frameworks */ = {
			isa = PBXGroup;
			children = (
				04B36E32199F9F8C000357CC /* Foundation.framework */,
				04B36E34199F9F8C000357CC /* CoreGraphics.framework */,
				04B36E36199F9F8C000357CC /* UIKit.framework */,
				04B36E4B199F9F8C000357CC /* XCTest.framework */,
			);
			name = Frameworks;
			sourceTree = "<group>";
		};
		04B36E38199F9F8C000357CC /* uinavi */ = {
			isa = PBXGroup;
			children = (
				04B36E41199F9F8C000357CC /* FFAppDelegate.h */,
				04B36E42199F9F8C000357CC /* FFAppDelegate.m */,
				04B36E44199F9F8C000357CC /* Images.xcassets */,
				04B36E39199F9F8C000357CC /* Supporting Files */,
			);
			path = uinavi;
			sourceTree = "<group>";
		};
		04B36E39199F9F8C000357CC /* Supporting Files */ = {
			isa = PBXGroup;
			children = (
				04B36E3A199F9F8C000357CC /* uinavi-Info.plist */,
				04B36E3B199F9F8C000357CC /* InfoPlist.strings */,
				04B36E3E199F9F8C000357CC /* main.m */,
				04B36E40199F9F8C000357CC /* uinavi-Prefix.pch */,
			);
			name = "Supporting Files";
			sourceTree = "<group>";
		};
		04B36E51199F9F8D000357CC /* uinaviTests */ = {
			isa = PBXGroup;
			children = (
				04B36E57199F9F8D000357CC /* uinaviTests.m */,
				04B36E52199F9F8D000357CC /* Supporting Files */,
			);
			path = uinaviTests;
			sourceTree = "<group>";
		};
		04B36E52199F9F8D000357CC /* Supporting Files */ = {
			isa = PBXGroup;
			children = (
				04B36E53199F9F8D000357CC /* uinaviTests-Info.plist */,
				04B36E54199F9F8D000357CC /* InfoPlist.strings */,
			);
			name = "Supporting Files";
			sourceTree = "<group>";
		};
/* End PBXGroup section */

/* Begin PBXNativeTarget section */
		04B36E2E199F9F8C000357CC /* uinavi */ = {
			isa = PBXNativeTarget;
			buildConfigurationList = 04B36E5B199F9F8D000357CC /* Build configuration list for PBXNativeTarget "uinavi" */;
			buildPhases = (
				04B36E2B199F9F8C000357CC /* Sources */,
				04B36E2C199F9F8C000357CC /* Frameworks */,
				04B36E2D199F9F8C000357CC /* Resources */,
			);
			buildRules = (
			);
			dependencies = (
			);
			name = uinavi;
			productName = uinavi;
			productReference = 04B36E2F199F9F8C000357CC /* uinavi.app */;
			productType = "com.apple.product-type.application";
		};
		04B36E49199F9F8C000357CC /* uinaviTests */ = {
			isa = PBXNativeTarget;
			buildConfigurationList = 04B36E5E199F9F8D000357CC /* Build configuration list for PBXNativeTarget "uinaviTests" */;
			buildPhases = (
				04B36E46199F9F8C000357CC /* Sources */,
				04B36E47199F9F8C000357CC /* Frameworks */,
				04B36E48199F9F8C000357CC /* Resources */,
			);
			buildRules = (
			);
			dependencies = (
				04B36E50199F9F8D000357CC /* PBXTargetDependency */,
			);
			name = uinaviTests;
			productName = uinaviTests;
			productReference = 04B36E4A199F9F8C000357CC /* uinaviTests.xctest */;
			productType = "com.apple.product-type.bundle.unit-test";
		};
/* End PBXNativeTarget section */

/* Begin PBXProject section */
		04B36E27199F9F8C000357CC /* Project object */ = {
			isa = PBXProject;
			attributes = {
				CLASSPREFIX = FF;
				LastUpgradeCheck = 0510;
				ORGANIZATIONNAME = FirstFloor;
				TargetAttributes = {
					04B36E49199F9F8C000357CC = {
						TestTargetID = 04B36E2E199F9F8C000357CC;
					};
				};
			};
			buildConfigurationList = 04B36E2A199F9F8C000357CC /* Build configuration list for PBXProject "uinavi" */;
			compatibilityVersion = "Xcode 3.2";
			developmentRegion = English;
			hasScannedForEncodings = 0;
			knownRegions = (
				en,
			);
			mainGroup = 04B36E26199F9F8C000357CC;
			productRefGroup = 04B36E30199F9F8C000357CC /* Products */;
			projectDirPath = "";
			projectRoot = "";
			targets = (
				04B36E2E199F9F8C000357CC /* uinavi */,
				04B36E49199F9F8C000357CC /* uinaviTests */,
			);
		};
/* End PBXProject section */

/* Begin PBXResourcesBuildPhase section */
		04B36E2D199F9F8C000357CC /* Resources */ = {
			isa = PBXResourcesBuildPhase;
			buildActionMask = 2147483647;
			files = (
				04B36E3D199F9F8C000357CC /* InfoPlist.strings in Resources */,
				04B36E45199F9F8C000357CC /* Images.xcassets in Resources */,
			);
			runOnlyForDeploymentPostprocessing = 0;
		};
		04B36E48199F9F8C000357CC /* Resources */ = {
			isa = PBXResourcesBuildPhase;
			buildActionMask = 2147483647;
			files = (
				04B36E56199F9F8D000357CC /* InfoPlist.strings in Resources */,
			);
			runOnlyForDeploymentPostprocessing = 0;
		};
/* End PBXResourcesBuildPhase section */

/* Begin PBXSourcesBuildPhase section */
		04B36E2B199F9F8C000357CC /* Sources */ = {
			isa = PBXSourcesBuildPhase;
			buildActionMask = 2147483647;
			files = (
				04B36E43199F9F8C000357CC /* FFAppDelegate.m in Sources */,
				04B36E3F199F9F8C000357CC /* main.m in Sources */,
			);
			runOnlyForDeploymentPostprocessing = 0;
		};
		04B36E46199F9F8C000357CC /* Sources */ = {
			isa = PBXSourcesBuildPhase;
			buildActionMask = 2147483647;
			files = (
				04B36E58199F9F8D000357CC /* uinaviTests.m in Sources */,
			);
			runOnlyForDeploymentPostprocessing = 0;
		};
/* End PBXSourcesBuildPhase section */

/* Begin PBXTargetDependency section */
		04B36E50199F9F8D000357CC /* PBXTargetDependency */ = {
			isa = PBXTargetDependency;
			target = 04B36E2E199F9F8C000357CC /* uinavi */;
			targetProxy = 04B36E4F199F9F8D000357CC /* PBXContainerItemProxy */;
		};
/* End PBXTargetDependency section */

/* Begin PBXVariantGroup section */
		04B36E3B199F9F8C000357CC /* InfoPlist.strings */ = {
			isa = PBXVariantGroup;
			children = (
				04B36E3C199F9F8C000357CC /* en */,
			);
			name = InfoPlist.strings;
			sourceTree = "<group>";
		};
		04B36E54199F9F8D000357CC /* InfoPlist.strings */ = {
			isa = PBXVariantGroup;
			children = (
				04B36E55199F9F8D000357CC /* en */,
			);
			name = InfoPlist.strings;
			sourceTree = "<group>";
		};
/* End PBXVariantGroup section */

/* Begin XCBuildConfiguration section */
		04B36E59199F9F8D000357CC /* Debug */ = {
			isa = XCBuildConfiguration;
			buildSettings = {
				ALWAYS_SEARCH_USER_PATHS = NO;
				CLANG_CXX_LANGUAGE_STANDARD = "gnu++0x";
				CLANG_CXX_LIBRARY = "libc++";
				CLANG_ENABLE_MODULES = YES;
				CLANG_ENABLE_OBJC_ARC = YES;
				CLANG_WARN_BOOL_CONVERSION = YES;
				CLANG_WARN_CONSTANT_CONVERSION = YES;
				CLANG_WARN_DIRECT_OBJC_ISA_USAGE = YES_ERROR;
				CLANG_WARN_EMPTY_BODY = YES;
				CLANG_WARN_ENUM_CONVERSION = YES;
				CLANG_WARN_INT_CONVERSION = YES;
				CLANG_WARN_OBJC_ROOT_CLASS = YES_ERROR;
				CLANG_WARN__DUPLICATE_METHOD_MATCH = YES;
				"CODE_SIGN_IDENTITY[sdk=iphoneos*]" = "iPhone Developer";
				COPY_PHASE_STRIP = NO;
				GCC_C_LANGUAGE_STANDARD = gnu99;
				GCC_DYNAMIC_NO_PIC = NO;
				GCC_OPTIMIZATION_LEVEL = 0;
				GCC_PREPROCESSOR_DEFINITIONS = (
					"DEBUG=1",
					"$(inherited)",
				);
				GCC_SYMBOLS_PRIVATE_EXTERN = NO;
				GCC_WARN_64_TO_32_BIT_CONVERSION = YES;
				GCC_WARN_ABOUT_RETURN_TYPE = YES_ERROR;
				GCC_WARN_UNDECLARED_SELECTOR = YES;
				GCC_WARN_UNINITIALIZED_AUTOS = YES_AGGRESSIVE;
				GCC_WARN_UNUSED_FUNCTION = YES;
				GCC_WARN_UNUSED_VARIABLE = YES;
				IPHONEOS_DEPLOYMENT_TARGET = 7.1;
				ONLY_ACTIVE_ARCH = YES;
				SDKROOT = iphoneos;
			};
			name = Debug;
		};
		04B36E5A199F9F8D000357CC /* Release */ = {
			isa = XCBuildConfiguration;
			buildSettings = {
				ALWAYS_SEARCH_USER_PATHS = NO;
				CLANG_CXX_LANGUAGE_STANDARD = "gnu++0x";
				CLANG_CXX_LIBRARY = "libc++";
				CLANG_ENABLE_MODULES = YES;
				CLANG_ENABLE_OBJC_ARC = YES;
				CLANG_WARN_BOOL_CONVERSION = YES;
				CLANG_WARN_CONSTANT_CONVERSION = YES;
				CLANG_WARN_DIRECT_OBJC_ISA_USAGE = YES_ERROR;
				CLANG_WARN_EMPTY_BODY = YES;
				CLANG_WARN_ENUM_CONVERSION = YES;
				CLANG_WARN_INT_CONVERSION = YES;
				CLANG_WARN_OBJC_ROOT_CLASS = YES_ERROR;
				CLANG_WARN__DUPLICATE_METHOD_MATCH = YES;
				"CODE_SIGN_IDENTITY[sdk=iphoneos*]" = "iPhone Developer";
				COPY_PHASE_STRIP = YES;
				ENABLE_NS_ASSERTIONS = NO;
				GCC_C_LANGUAGE_STANDARD = gnu99;
				GCC_WARN_64_TO_32_BIT_CONVERSION = YES;
				GCC_WARN_ABOUT_RETURN_TYPE = YES_ERROR;
				GCC_WARN_UNDECLARED_SELECTOR = YES;
				GCC_WARN_UNINITIALIZED_AUTOS = YES_AGGRESSIVE;
				GCC_WARN_UNUSED_FUNCTION = YES;
				GCC_WARN_UNUSED_VARIABLE = YES;
				IPHONEOS_DEPLOYMENT_TARGET = 7.1;
				SDKROOT = iphoneos;
				VALIDATE_PRODUCT = YES;
			};
			name = Release;
		};
		04B36E5C199F9F8D000357CC /* Debug */ = {
			isa = XCBuildConfiguration;
			buildSettings = {
				ASSETCATALOG_COMPILER_APPICON_NAME = AppIcon;
				ASSETCATALOG_COMPILER_LAUNCHIMAGE_NAME = LaunchImage;
				GCC_PRECOMPILE_PREFIX_HEADER = YES;
				GCC_PREFIX_HEADER = "uinavi/uinavi-Prefix.pch";
				INFOPLIST_FILE = "uinavi/uinavi-Info.plist";
				PRODUCT_NAME = "$(TARGET_NAME)";
				WRAPPER_EXTENSION = app;
			};
			name = Debug;
		};
		04B36E5D199F9F8D000357CC /* Release */ = {
			isa = XCBuildConfiguration;
			buildSettings = {
				ASSETCATALOG_COMPILER_APPICON_NAME = AppIcon;
				ASSETCATALOG_COMPILER_LAUNCHIMAGE_NAME = LaunchImage;
				GCC_PRECOMPILE_PREFIX_HEADER = YES;
				GCC_PREFIX_HEADER = "uinavi/uinavi-Prefix.pch";
				INFOPLIST_FILE = "uinavi/uinavi-Info.plist";
				PRODUCT_NAME = "$(TARGET_NAME)";
				WRAPPER_EXTENSION = app;
			};
			name = Release;
		};
		04B36E5F199F9F8D000357CC /* Debug */ = {
			isa = XCBuildConfiguration;
			buildSettings = {
				BUNDLE_LOADER = "$(BUILT_PRODUCTS_DIR)/uinavi.app/uinavi";
				FRAMEWORK_SEARCH_PATHS = (
					"$(SDKROOT)/Developer/Library/Frameworks",
					"$(inherited)",
					"$(DEVELOPER_FRAMEWORKS_DIR)",
				);
				GCC_PRECOMPILE_PREFIX_HEADER = YES;
				GCC_PREFIX_HEADER = "uinavi/uinavi-Prefix.pch";
				GCC_PREPROCESSOR_DEFINITIONS = (
					"DEBUG=1",
					"$(inherited)",
				);
				INFOPLIST_FILE = "uinaviTests/uinaviTests-Info.plist";
				PRODUCT_NAME = "$(TARGET_NAME)";
				TEST_HOST = "$(BUNDLE_LOADER)";
				WRAPPER_EXTENSION = xctest;
			};
			name = Debug;
		};
		04B36E60199F9F8D000357CC /* Release */ = {
			isa = XCBuildConfiguration;
			buildSettings = {
				BUNDLE_LOADER = "$(BUILT_PRODUCTS_DIR)/uinavi.app/uinavi";
				FRAMEWORK_SEARCH_PATHS = (
					"$(SDKROOT)/Developer/Library/Frameworks",
					"$(inherited)",
					"$(DEVELOPER_FRAMEWORKS_DIR)",
				);
				GCC_PRECOMPILE_PREFIX_HEADER = YES;
				GCC_PREFIX_HEADER = "uinavi/uinavi-Prefix.pch";
				INFOPLIST_FILE = "uinaviTests/uinaviTests-Info.plist";
				PRODUCT_NAME = "$(TARGET_NAME)";
				TEST_HOST = "$(BUNDLE_LOADER)";
				WRAPPER_EXTENSION = xctest;
			};
			name = Release;
		};
/* End XCBuildConfiguration section */

/* Begin XCConfigurationList section */
		04B36E2A199F9F8C000357CC /* Build configuration list for PBXProject "uinavi" */ = {
			isa = XCConfigurationList;
			buildConfigurations = (
				04B36E59199F9F8D000357CC /* Debug */,
				04B36E5A199F9F8D000357CC /* Release */,
			);
			defaultConfigurationIsVisible = 0;
			defaultConfigurationName = Release;
		};
		04B36E5B199F9F8D000357CC /* Build configuration list for PBXNativeTarget "uinavi" */ = {
			isa = XCConfigurationList;
			buildConfigurations = (
				04B36E5C199F9F8D000357CC /* Debug */,
				04B36E5D199F9F8D000357CC /* Release */,
			);
			defaultConfigurationIsVisible = 0;
		};
		04B36E5E199F9F8D000357CC /* Build configuration list for PBXNativeTarget "uinaviTests" */ = {
			isa = XCConfigurationList;
			buildConfigurations = (
				04B36E5F199F9F8D000357CC /* Debug */,
				04B36E60199F9F8D000357CC /* Release */,
			);
			defaultConfigurationIsVisible = 0;
		};
/* End XCConfigurationList section */
	};
	rootObject = 04B36E27199F9F8C000357CC /* Project object */;
}
